
Microsoft Visual Studio Solution File, Format Version 12.00
# Visual Studio Version 17
VisualStudioVersion = 17.12.35514.174
MinimumVisualStudioVersion = 10.0.40219.1
Project("{FAE04EC0-301F-11D3-BF4B-00C04F79EFBC}") = "LinkListCreator", "LinkListCreator.csproj", "{A9775230-65ED-45C0-A171-A8311177C78A}"
EndProject
Global
	GlobalSection(SolutionConfigurationPlatforms) = preSolution
		Debug|Any CPU = Debug|Any CPU
		Release|Any CPU = Release|Any CPU
	EndGlobalSection
	GlobalSection(ProjectConfigurationPlatforms) = postSolution
		{A9775230-65ED-45C0-A171-A8311177C78A}.Debug|Any CPU.ActiveCfg = Debug|Any CPU
		{A9775230-65ED-45C0-A171-A8311177C78A}.Debug|Any CPU.Build.0 = Debug|Any CPU
		{A9775230-65ED-45C0-A171-A8311177C78A}.Release|Any CPU.ActiveCfg = Release|Any CPU
		{A9775230-65ED-45C0-A171-A8311177C78A}.Release|Any CPU.Build.0 = Release|Any CPU
	EndGlobalSection
	GlobalSection(SolutionProperties) = preSolution
		HideSolutionNode = FALSE
	EndGlobalSection
EndGlobal
